
Microsoft Visual Studio Solution File, Format Version 12.00
# Visual Studio Version 16
VisualStudioVersion = 16.0.30225.117
MinimumVisualStudioVersion = 10.0.40219.1
Project("{FAE04EC0-301F-11D3-BF4B-00C04F79EFBC}") = "Library.DAL", "Library.DAL\Library.DAL.csproj", "{688E72FB-9FED-4A53-9149-632C2D2DA59F}"
EndProject
Project("{FAE04EC0-301F-11D3-BF4B-00C04F79EFBC}") = "Library.BLL", "Library.BLL\Library.BLL.csproj", "{6CEE912B-B60E-4239-9E1B-F41CC0A66905}"
EndProject
Project("{FAE04EC0-301F-11D3-BF4B-00C04F79EFBC}") = "Library.Entities", "Library.Entities\Library.Entities.csproj", "{CCA26104-C315-4A25-BE37-F072A506AD76}"
EndProject
Project("{FAE04EC0-301F-11D3-BF4B-00C04F79EFBC}") = "Library.Ui", "Library.Ui\Library.Ui.csproj", "{5EFD7D4B-958B-4EA9-B144-274474705A8B}"
EndProject
Global
	GlobalSection(SolutionConfigurationPlatforms) = preSolution
		Debug|Any CPU = Debug|Any CPU
		Release|Any CPU = Release|Any CPU
	EndGlobalSection
	GlobalSection(ProjectConfigurationPlatforms) = postSolution
		{688E72FB-9FED-4A53-9149-632C2D2DA59F}.Debug|Any CPU.ActiveCfg = Debug|Any CPU
		{688E72FB-9FED-4A53-9149-632C2D2DA59F}.Debug|Any CPU.Build.0 = Debug|Any CPU
		{688E72FB-9FED-4A53-9149-632C2D2DA59F}.Release|Any CPU.ActiveCfg = Release|Any CPU
		{688E72FB-9FED-4A53-9149-632C2D2DA59F}.Release|Any CPU.Build.0 = Release|Any CPU
		{6CEE912B-B60E-4239-9E1B-F41CC0A66905}.Debug|Any CPU.ActiveCfg = Debug|Any CPU
		{6CEE912B-B60E-4239-9E1B-F41CC0A66905}.Debug|Any CPU.Build.0 = Debug|Any CPU
		{6CEE912B-B60E-4239-9E1B-F41CC0A66905}.Release|Any CPU.ActiveCfg = Release|Any CPU
		{6CEE912B-B60E-4239-9E1B-F41CC0A66905}.Release|Any CPU.Build.0 = Release|Any CPU
		{CCA26104-C315-4A25-BE37-F072A506AD76}.Debug|Any CPU.ActiveCfg = Debug|Any CPU
		{CCA26104-C315-4A25-BE37-F072A506AD76}.Debug|Any CPU.Build.0 = Debug|Any CPU
		{CCA26104-C315-4A25-BE37-F072A506AD76}.Release|Any CPU.ActiveCfg = Release|Any CPU
		{CCA26104-C315-4A25-BE37-F072A506AD76}.Release|Any CPU.Build.0 = Release|Any CPU
		{5EFD7D4B-958B-4EA9-B144-274474705A8B}.Debug|Any CPU.ActiveCfg = Debug|Any CPU
		{5EFD7D4B-958B-4EA9-B144-274474705A8B}.Debug|Any CPU.Build.0 = Debug|Any CPU
		{5EFD7D4B-958B-4EA9-B144-274474705A8B}.Release|Any CPU.ActiveCfg = Release|Any CPU
		{5EFD7D4B-958B-4EA9-B144-274474705A8B}.Release|Any CPU.Build.0 = Release|Any CPU
	EndGlobalSection
	GlobalSection(SolutionProperties) = preSolution
		HideSolutionNode = FALSE
	EndGlobalSection
	GlobalSection(ExtensibilityGlobals) = postSolution
		SolutionGuid = {A85A0AF8-0E3F-4C62-98F0-DC684F497F10}
	EndGlobalSection
EndGlobal
